{
  "object": {
    "pins": [
      {
        "package": "Log",
        "repositoryURL": "git@git.markakod.com:letters-game/swift-app-trie-dictionary/library-log.git",
        "state": {
          "branch": null,
          "revision": "03b0e5d2a6924603b706ff855e3c19cd3c2215e9",
          "version": "1.0.5"
        }
      }
    ]
  },
  "version": 1
}
